dependencies:
- name: prometheus
  repository: https://prometheus-community.github.io/helm-charts
  version: 25.0.0
- name: minio
  repository: https://charts.min.io/
  version: 5.0.0
digest: sha256:7ae5526a9c0ebd80b6c599fc79552c7df73d39d63e17701895821a7018527570
generated: "2026-01-29T07:51:40.433388714Z"
